
Microsoft Visual Studio Solution File, Format Version 12.00
# Visual Studio Version 17
VisualStudioVersion = 17.4.33213.308
MinimumVisualStudioVersion = 10.0.40219.1
Project("{FAE04EC0-301F-11D3-BF4B-00C04F79EFBC}") = "Commerce.Web", "Commerce.Web\Commerce.Web.csproj", "{F718A0C8-AB50-42D0-85C6-DEB965865764}"
EndProject
Global
	GlobalSection(SolutionConfigurationPlatforms) = preSolution
		Debug|Any CPU = Debug|Any CPU
		Release|Any CPU = Release|Any CPU
	EndGlobalSection
	GlobalSection(ProjectConfigurationPlatforms) = postSolution
		{F718A0C8-AB50-42D0-85C6-DEB965865764}.Debug|Any CPU.ActiveCfg = Debug|Any CPU
		{F718A0C8-AB50-42D0-85C6-DEB965865764}.Debug|Any CPU.Build.0 = Debug|Any CPU
		{F718A0C8-AB50-42D0-85C6-DEB965865764}.Release|Any CPU.ActiveCfg = Release|Any CPU
		{F718A0C8-AB50-42D0-85C6-DEB965865764}.Release|Any CPU.Build.0 = Release|Any CPU
	EndGlobalSection
	GlobalSection(SolutionProperties) = preSolution
		HideSolutionNode = FALSE
	EndGlobalSection
	GlobalSection(ExtensibilityGlobals) = postSolution
		SolutionGuid = {BF654FC6-88FE-4C99-8FFC-4229C2B79D77}
	EndGlobalSection
EndGlobal
